
Microsoft Visual Studio Solution File, Format Version 11.00
# Visual Basic Express 2010
Project("{F184B08F-C81C-45F6-A57F-5ABD9991F28F}") = "Q11254", "Q11254\Q11254.vbproj", "{C0A5703E-ECFC-4861-B8FC-850C21AA3C68}"
EndProject
Global
	GlobalSection(SolutionConfigurationPlatforms) = preSolution
		Debug|x86 = Debug|x86
		Release|x86 = Release|x86
	EndGlobalSection
	GlobalSection(ProjectConfigurationPlatforms) = postSolution
		{C0A5703E-ECFC-4861-B8FC-850C21AA3C68}.Debug|x86.ActiveCfg = Debug|x86
		{C0A5703E-ECFC-4861-B8FC-850C21AA3C68}.Debug|x86.Build.0 = Debug|x86
		{C0A5703E-ECFC-4861-B8FC-850C21AA3C68}.Release|x86.ActiveCfg = Release|x86
		{C0A5703E-ECFC-4861-B8FC-850C21AA3C68}.Release|x86.Build.0 = Release|x86
	EndGlobalSection
	GlobalSection(SolutionProperties) = preSolution
		HideSolutionNode = FALSE
	EndGlobalSection
EndGlobal
