
Microsoft Visual Studio Solution File, Format Version 11.00
# Visual Basic Express 2010
Project("{F184B08F-C81C-45F6-A57F-5ABD9991F28F}") = "Q574", "Q574\Q574.vbproj", "{15D0D754-0669-4B47-A7D9-3EA316A6B253}"
EndProject
Global
	GlobalSection(SolutionConfigurationPlatforms) = preSolution
		Debug|x86 = Debug|x86
		Release|x86 = Release|x86
	EndGlobalSection
	GlobalSection(ProjectConfigurationPlatforms) = postSolution
		{15D0D754-0669-4B47-A7D9-3EA316A6B253}.Debug|x86.ActiveCfg = Debug|x86
		{15D0D754-0669-4B47-A7D9-3EA316A6B253}.Debug|x86.Build.0 = Debug|x86
		{15D0D754-0669-4B47-A7D9-3EA316A6B253}.Release|x86.ActiveCfg = Release|x86
		{15D0D754-0669-4B47-A7D9-3EA316A6B253}.Release|x86.Build.0 = Release|x86
	EndGlobalSection
	GlobalSection(SolutionProperties) = preSolution
		HideSolutionNode = FALSE
	EndGlobalSection
EndGlobal
