
Microsoft Visual Studio Solution File, Format Version 11.00
# Visual Basic Express 2010
Project("{F184B08F-C81C-45F6-A57F-5ABD9991F28F}") = "Q11000", "Q11000\Q11000.vbproj", "{8ABE4EFB-E9D6-41F0-ADCF-876F09D4FC08}"
EndProject
Global
	GlobalSection(SolutionConfigurationPlatforms) = preSolution
		Debug|x86 = Debug|x86
		Release|x86 = Release|x86
	EndGlobalSection
	GlobalSection(ProjectConfigurationPlatforms) = postSolution
		{8ABE4EFB-E9D6-41F0-ADCF-876F09D4FC08}.Debug|x86.ActiveCfg = Debug|x86
		{8ABE4EFB-E9D6-41F0-ADCF-876F09D4FC08}.Debug|x86.Build.0 = Debug|x86
		{8ABE4EFB-E9D6-41F0-ADCF-876F09D4FC08}.Release|x86.ActiveCfg = Release|x86
		{8ABE4EFB-E9D6-41F0-ADCF-876F09D4FC08}.Release|x86.Build.0 = Release|x86
	EndGlobalSection
	GlobalSection(SolutionProperties) = preSolution
		HideSolutionNode = FALSE
	EndGlobalSection
EndGlobal
