
Microsoft Visual Studio Solution File, Format Version 11.00
# Visual Basic Express 2010
Project("{F184B08F-C81C-45F6-A57F-5ABD9991F28F}") = "Q10815", "Q10815\Q10815.vbproj", "{E5CFAFD2-3BA4-48ED-9422-A2F095E674B2}"
EndProject
Global
	GlobalSection(SolutionConfigurationPlatforms) = preSolution
		Debug|x86 = Debug|x86
		Release|x86 = Release|x86
	EndGlobalSection
	GlobalSection(ProjectConfigurationPlatforms) = postSolution
		{E5CFAFD2-3BA4-48ED-9422-A2F095E674B2}.Debug|x86.ActiveCfg = Debug|x86
		{E5CFAFD2-3BA4-48ED-9422-A2F095E674B2}.Debug|x86.Build.0 = Debug|x86
		{E5CFAFD2-3BA4-48ED-9422-A2F095E674B2}.Release|x86.ActiveCfg = Release|x86
		{E5CFAFD2-3BA4-48ED-9422-A2F095E674B2}.Release|x86.Build.0 = Release|x86
	EndGlobalSection
	GlobalSection(SolutionProperties) = preSolution
		HideSolutionNode = FALSE
	EndGlobalSection
EndGlobal
